
Microsoft Visual Studio Solution File, Format Version 12.00
# Visual Studio Version 17
VisualStudioVersion = 17.2.32630.192
MinimumVisualStudioVersion = 10.0.40219.1
Project("{9A19103F-16F7-4668-BE54-9A1E7A4F7556}") = "Task1_WPF_TelegramBot", "Task1_WPF_TelegramBot\Task1_WPF_TelegramBot.csproj", "{EBE690FE-81EE-4A34-80EB-71ACD693C338}"
EndProject
Project("{9A19103F-16F7-4668-BE54-9A1E7A4F7556}") = "TelegramBotFromModule9", "TelegramBotFromModule9\TelegramBotFromModule9.csproj", "{85FCACF2-F066-49FC-8AEB-1D36F27962DB}"
EndProject
Project("{2150E333-8FDC-42A3-9474-1A3956D46DE8}") = "Элементы решения", "Элементы решения", "{A6765140-C988-4B85-AF57-E26586CBB6FD}"
	ProjectSection(SolutionItems) = preProject
		README.md = README.md
	EndProjectSection
EndProject
Global
	GlobalSection(SolutionConfigurationPlatforms) = preSolution
		Debug|Any CPU = Debug|Any CPU
		Release|Any CPU = Release|Any CPU
	EndGlobalSection
	GlobalSection(ProjectConfigurationPlatforms) = postSolution
		{EBE690FE-81EE-4A34-80EB-71ACD693C338}.Debug|Any CPU.ActiveCfg = Debug|Any CPU
		{EBE690FE-81EE-4A34-80EB-71ACD693C338}.Debug|Any CPU.Build.0 = Debug|Any CPU
		{EBE690FE-81EE-4A34-80EB-71ACD693C338}.Release|Any CPU.ActiveCfg = Release|Any CPU
		{EBE690FE-81EE-4A34-80EB-71ACD693C338}.Release|Any CPU.Build.0 = Release|Any CPU
		{85FCACF2-F066-49FC-8AEB-1D36F27962DB}.Debug|Any CPU.ActiveCfg = Debug|Any CPU
		{85FCACF2-F066-49FC-8AEB-1D36F27962DB}.Debug|Any CPU.Build.0 = Debug|Any CPU
		{85FCACF2-F066-49FC-8AEB-1D36F27962DB}.Release|Any CPU.ActiveCfg = Release|Any CPU
		{85FCACF2-F066-49FC-8AEB-1D36F27962DB}.Release|Any CPU.Build.0 = Release|Any CPU
	EndGlobalSection
	GlobalSection(SolutionProperties) = preSolution
		HideSolutionNode = FALSE
	EndGlobalSection
	GlobalSection(ExtensibilityGlobals) = postSolution
		SolutionGuid = {40AE2004-CD4F-4867-8988-D56B1255FB0B}
	EndGlobalSection
EndGlobal
