
Microsoft Visual Studio Solution File, Format Version 12.00
# Visual Studio Version 17
VisualStudioVersion = 17.2.32630.192
MinimumVisualStudioVersion = 10.0.40219.1
Project("{FAE04EC0-301F-11D3-BF4B-00C04F79EFBC}") = "Task_1", "Task_1\Task_1.csproj", "{E99D3C76-DBCE-4790-B5E6-95085172D190}"
EndProject
Project("{FAE04EC0-301F-11D3-BF4B-00C04F79EFBC}") = "Task_2", "Task_2\Task_2.csproj", "{24AED4A5-8B6A-45C0-A1EF-D7BE9FA75DD7}"
EndProject
Project("{FAE04EC0-301F-11D3-BF4B-00C04F79EFBC}") = "Task_3", "Task_3\Task_3.csproj", "{9728A503-B89B-4CD2-9359-8A20D9C70E3D}"
EndProject
Global
	GlobalSection(SolutionConfigurationPlatforms) = preSolution
		Debug|Any CPU = Debug|Any CPU
		Release|Any CPU = Release|Any CPU
	EndGlobalSection
	GlobalSection(ProjectConfigurationPlatforms) = postSolution
		{E99D3C76-DBCE-4790-B5E6-95085172D190}.Debug|Any CPU.ActiveCfg = Debug|Any CPU
		{E99D3C76-DBCE-4790-B5E6-95085172D190}.Debug|Any CPU.Build.0 = Debug|Any CPU
		{E99D3C76-DBCE-4790-B5E6-95085172D190}.Release|Any CPU.ActiveCfg = Release|Any CPU
		{E99D3C76-DBCE-4790-B5E6-95085172D190}.Release|Any CPU.Build.0 = Release|Any CPU
		{24AED4A5-8B6A-45C0-A1EF-D7BE9FA75DD7}.Debug|Any CPU.ActiveCfg = Debug|Any CPU
		{24AED4A5-8B6A-45C0-A1EF-D7BE9FA75DD7}.Debug|Any CPU.Build.0 = Debug|Any CPU
		{24AED4A5-8B6A-45C0-A1EF-D7BE9FA75DD7}.Release|Any CPU.ActiveCfg = Release|Any CPU
		{24AED4A5-8B6A-45C0-A1EF-D7BE9FA75DD7}.Release|Any CPU.Build.0 = Release|Any CPU
		{9728A503-B89B-4CD2-9359-8A20D9C70E3D}.Debug|Any CPU.ActiveCfg = Debug|Any CPU
		{9728A503-B89B-4CD2-9359-8A20D9C70E3D}.Debug|Any CPU.Build.0 = Debug|Any CPU
		{9728A503-B89B-4CD2-9359-8A20D9C70E3D}.Release|Any CPU.ActiveCfg = Release|Any CPU
		{9728A503-B89B-4CD2-9359-8A20D9C70E3D}.Release|Any CPU.Build.0 = Release|Any CPU
	EndGlobalSection
	GlobalSection(SolutionProperties) = preSolution
		HideSolutionNode = FALSE
	EndGlobalSection
	GlobalSection(ExtensibilityGlobals) = postSolution
		SolutionGuid = {17AEF8E4-5E80-43A1-B8E6-132576352E06}
	EndGlobalSection
EndGlobal
