
Microsoft Visual Studio Solution File, Format Version 12.00
# Visual Studio Version 17
VisualStudioVersion = 17.2.32630.192
MinimumVisualStudioVersion = 10.0.40219.1
Project("{9A19103F-16F7-4668-BE54-9A1E7A4F7556}") = "Task1_OOP3_WPF", "Task1_OOP3_WPF\Task1_OOP3_WPF.csproj", "{A0A0BA99-47F7-41FD-9F35-AD514F1FB607}"
EndProject
Project("{2150E333-8FDC-42A3-9474-1A3956D46DE8}") = "Элементы решения", "Элементы решения", "{46A9F9E5-66B0-48E2-A19E-C216F792D704}"
	ProjectSection(SolutionItems) = preProject
		README.md = README.md
	EndProjectSection
EndProject
Project("{9A19103F-16F7-4668-BE54-9A1E7A4F7556}") = "Task2_OOP3_WPF", "Task2_OOP3_WPF\Task2_OOP3_WPF.csproj", "{48AB2129-D7F6-451D-AC24-8B962831250F}"
EndProject
Project("{FAE04EC0-301F-11D3-BF4B-00C04F79EFBC}") = "Task3_OOP3_WPF", "Task3_OOP3_WPF\Task3_OOP3_WPF.csproj", "{62249F33-3B1D-41BF-A416-752686A4CA93}"
EndProject
Global
	GlobalSection(SolutionConfigurationPlatforms) = preSolution
		Debug|Any CPU = Debug|Any CPU
		Release|Any CPU = Release|Any CPU
	EndGlobalSection
	GlobalSection(ProjectConfigurationPlatforms) = postSolution
		{A0A0BA99-47F7-41FD-9F35-AD514F1FB607}.Debug|Any CPU.ActiveCfg = Debug|Any CPU
		{A0A0BA99-47F7-41FD-9F35-AD514F1FB607}.Debug|Any CPU.Build.0 = Debug|Any CPU
		{A0A0BA99-47F7-41FD-9F35-AD514F1FB607}.Release|Any CPU.ActiveCfg = Release|Any CPU
		{A0A0BA99-47F7-41FD-9F35-AD514F1FB607}.Release|Any CPU.Build.0 = Release|Any CPU
		{48AB2129-D7F6-451D-AC24-8B962831250F}.Debug|Any CPU.ActiveCfg = Debug|Any CPU
		{48AB2129-D7F6-451D-AC24-8B962831250F}.Debug|Any CPU.Build.0 = Debug|Any CPU
		{48AB2129-D7F6-451D-AC24-8B962831250F}.Release|Any CPU.ActiveCfg = Release|Any CPU
		{48AB2129-D7F6-451D-AC24-8B962831250F}.Release|Any CPU.Build.0 = Release|Any CPU
		{62249F33-3B1D-41BF-A416-752686A4CA93}.Debug|Any CPU.ActiveCfg = Debug|Any CPU
		{62249F33-3B1D-41BF-A416-752686A4CA93}.Debug|Any CPU.Build.0 = Debug|Any CPU
		{62249F33-3B1D-41BF-A416-752686A4CA93}.Release|Any CPU.ActiveCfg = Release|Any CPU
		{62249F33-3B1D-41BF-A416-752686A4CA93}.Release|Any CPU.Build.0 = Release|Any CPU
	EndGlobalSection
	GlobalSection(SolutionProperties) = preSolution
		HideSolutionNode = FALSE
	EndGlobalSection
	GlobalSection(ExtensibilityGlobals) = postSolution
		SolutionGuid = {250AEAD1-F930-4FD3-819D-021037B17C65}
	EndGlobalSection
EndGlobal
